
Microsoft Visual Studio Solution File, Format Version 12.00
# Visual Studio Version 16
VisualStudioVersion = 16.0.30611.23
MinimumVisualStudioVersion = 10.0.40219.1
Project("{FAE04EC0-301F-11D3-BF4B-00C04F79EFBC}") = "lab10", "lab10\lab10.csproj", "{C1639458-0467-4F76-B585-84C82D199CBE}"
EndProject
Global
	GlobalSection(SolutionConfigurationPlatforms) = preSolution
		Debug|Any CPU = Debug|Any CPU
		Release|Any CPU = Release|Any CPU
	EndGlobalSection
	GlobalSection(ProjectConfigurationPlatforms) = postSolution
		{C1639458-0467-4F76-B585-84C82D199CBE}.Debug|Any CPU.ActiveCfg = Debug|Any CPU
		{C1639458-0467-4F76-B585-84C82D199CBE}.Debug|Any CPU.Build.0 = Debug|Any CPU
		{C1639458-0467-4F76-B585-84C82D199CBE}.Release|Any CPU.ActiveCfg = Release|Any CPU
		{C1639458-0467-4F76-B585-84C82D199CBE}.Release|Any CPU.Build.0 = Release|Any CPU
	EndGlobalSection
	GlobalSection(SolutionProperties) = preSolution
		HideSolutionNode = FALSE
	EndGlobalSection
	GlobalSection(ExtensibilityGlobals) = postSolution
		SolutionGuid = {8BB5BACA-CE07-4586-A74D-6F574411F202}
	EndGlobalSection
EndGlobal
